// !$*UTF8*$!
{
	archiveVersion = 1;
	classes = {
	};
	objectVersion = 50;
	objects = {

/* Begin PBXBuildFile section */
		1F395A9B24EB35F300CB9806 /* BluetoothView.swift in Sources */ = {isa = PBXBuildFile; fileRef = 1F395A9A24EB35F300CB9806 /* BluetoothView.swift */; };
		1F395A9D24EB360B00CB9806 /* NotificationsView.swift in Sources */ = {isa = PBXBuildFile; fileRef = 1F395A9C24EB360B00CB9806 /* NotificationsView.swift */; };
		1F395A9F24EB362900CB9806 /* GetStartedView.swift in Sources */ = {isa = PBXBuildFile; fileRef = 1F395A9E24EB362900CB9806 /* GetStartedView.swift */; };
		1F395AA124EC0C0600CB9806 /* LandingView.swift in Sources */ = {isa = PBXBuildFile; fileRef = 1F395AA024EC0C0600CB9806 /* LandingView.swift */; };
		1F90B05C24EB0AF50027A5E7 /* OnboardingMainView.swift in Sources */ = {isa = PBXBuildFile; fileRef = 1F90B05B24EB0AF50027A5E7 /* OnboardingMainView.swift */; };
		1F9C8DE624EAF0150074F5C8 /* StorageIndex.swift in Sources */ = {isa = PBXBuildFile; fileRef = 1F9C8DE524EAF0150074F5C8 /* StorageIndex.swift */; };
		1F9C8DE824EAF0420074F5C8 /* AdaptersIndex.swift in Sources */ = {isa = PBXBuildFile; fileRef = 1F9C8DE724EAF0420074F5C8 /* AdaptersIndex.swift */; };
		1F9C8DEA24EAF04B0074F5C8 /* ClassesIndex.swift in Sources */ = {isa = PBXBuildFile; fileRef = 1F9C8DE924EAF04B0074F5C8 /* ClassesIndex.swift */; };
		1F9C8DEC24EAF0600074F5C8 /* EncountersIndex.swift in Sources */ = {isa = PBXBuildFile; fileRef = 1F9C8DEB24EAF0600074F5C8 /* EncountersIndex.swift */; };
		1F9C8DEE24EAF0680074F5C8 /* BLEIndex.swift in Sources */ = {isa = PBXBuildFile; fileRef = 1F9C8DED24EAF0680074F5C8 /* BLEIndex.swift */; };
		1F9C8DF024EAF0730074F5C8 /* RestIndex.swift in Sources */ = {isa = PBXBuildFile; fileRef = 1F9C8DEF24EAF0730074F5C8 /* RestIndex.swift */; };
		1F9C8DF224EAF0810074F5C8 /* WebsocketsIndex.swift in Sources */ = {isa = PBXBuildFile; fileRef = 1F9C8DF124EAF0810074F5C8 /* WebsocketsIndex.swift */; };
		1F9C8DF424EAF0890074F5C8 /* SyncIndex.swift in Sources */ = {isa = PBXBuildFile; fileRef = 1F9C8DF324EAF0890074F5C8 /* SyncIndex.swift */; };
		1FD70B7624E921A400FD0AFC /* AppDelegate.swift in Sources */ = {isa = PBXBuildFile; fileRef = 1FD70B7524E921A400FD0AFC /* AppDelegate.swift */; };
		1FD70B7824E921A400FD0AFC /* SceneDelegate.swift in Sources */ = {isa = PBXBuildFile; fileRef = 1FD70B7724E921A400FD0AFC /* SceneDelegate.swift */; };
		1FD70B7A24E921A400FD0AFC /* ContentView.swift in Sources */ = {isa = PBXBuildFile; fileRef = 1FD70B7924E921A400FD0AFC /* ContentView.swift */; };
		1FD70B7C24E921A900FD0AFC /* Assets.xcassets in Resources */ = {isa = PBXBuildFile; fileRef = 1FD70B7B24E921A900FD0AFC /* Assets.xcassets */; };
		1FD70B7F24E921A900FD0AFC /* Preview Assets.xcassets in Resources */ = {isa = PBXBuildFile; fileRef = 1FD70B7E24E921A900FD0AFC /* Preview Assets.xcassets */; };
		1FD70B8224E921A900FD0AFC /* LaunchScreen.storyboard in Resources */ = {isa = PBXBuildFile; fileRef = 1FD70B8024E921A900FD0AFC /* LaunchScreen.storyboard */; };
		1FD70B8D24E921AA00FD0AFC /* SoterioTests.swift in Sources */ = {isa = PBXBuildFile; fileRef = 1FD70B8C24E921AA00FD0AFC /* SoterioTests.swift */; };
		1FD70B9824E921AA00FD0AFC /* SoterioUITests.swift in Sources */ = {isa = PBXBuildFile; fileRef = 1FD70B9724E921AA00FD0AFC /* SoterioUITests.swift */; };
		1FD70BA724E9220200FD0AFC /* OnBoardingCardView.swift in Sources */ = {isa = PBXBuildFile; fileRef = 1FD70BA624E9220200FD0AFC /* OnBoardingCardView.swift */; };
		1FD70BAA24E92AE500FD0AFC /* OnBoardingData.swift in Sources */ = {isa = PBXBuildFile; fileRef = 1FD70BA924E92AE500FD0AFC /* OnBoardingData.swift */; };
		1FD70BAC24EAA78300FD0AFC /* BottomBrand.swift in Sources */ = {isa = PBXBuildFile; fileRef = 1FD70BAB24EAA78300FD0AFC /* BottomBrand.swift */; };
		1FD70BAE24EAAC7B00FD0AFC /* GetPhoneCardView.swift in Sources */ = {isa = PBXBuildFile; fileRef = 1FD70BAD24EAAC7B00FD0AFC /* GetPhoneCardView.swift */; };
		1FD70BB024EABA8700FD0AFC /* VerifyPhoneNumberCardView.swift in Sources */ = {isa = PBXBuildFile; fileRef = 1FD70BAF24EABA8700FD0AFC /* VerifyPhoneNumberCardView.swift */; };
		1FD70BB424EABC4900FD0AFC /* PrivacyView.swift in Sources */ = {isa = PBXBuildFile; fileRef = 1FD70BB324EABC4900FD0AFC /* PrivacyView.swift */; };
/* End PBXBuildFile section */

/* Begin PBXContainerItemProxy section */
		1FD70B8924E921A900FD0AFC /* PBXContainerItemProxy */ = {
			isa = PBXContainerItemProxy;
			containerPortal = 1FD70B6A24E921A400FD0AFC /* Project object */;
			proxyType = 1;
			remoteGlobalIDString = 1FD70B7124E921A400FD0AFC;
			remoteInfo = Soterio;
		};
		1FD70B9424E921AA00FD0AFC /* PBXContainerItemProxy */ = {
			isa = PBXContainerItemProxy;
			containerPortal = 1FD70B6A24E921A400FD0AFC /* Project object */;
			proxyType = 1;
			remoteGlobalIDString = 1FD70B7124E921A400FD0AFC;
			remoteInfo = Soterio;
		};
/* End PBXContainerItemProxy section */

/* Begin PBXFileReference section */
		1F395A9A24EB35F300CB9806 /* BluetoothView.swift */ = {isa = PBXFileReference; lastKnownFileType = sourcecode.swift; path = BluetoothView.swift; sourceTree = "<group>"; };
		1F395A9C24EB360B00CB9806 /* NotificationsView.swift */ = {isa = PBXFileReference; lastKnownFileType = sourcecode.swift; path = NotificationsView.swift; sourceTree = "<group>"; };
		1F395A9E24EB362900CB9806 /* GetStartedView.swift */ = {isa = PBXFileReference; lastKnownFileType = sourcecode.swift; path = GetStartedView.swift; sourceTree = "<group>"; };
		1F395AA024EC0C0600CB9806 /* LandingView.swift */ = {isa = PBXFileReference; lastKnownFileType = sourcecode.swift; path = LandingView.swift; sourceTree = "<group>"; };
		1F90B05B24EB0AF50027A5E7 /* OnboardingMainView.swift */ = {isa = PBXFileReference; lastKnownFileType = sourcecode.swift; path = OnboardingMainView.swift; sourceTree = "<group>"; };
		1F9C8DE524EAF0150074F5C8 /* StorageIndex.swift */ = {isa = PBXFileReference; lastKnownFileType = sourcecode.swift; path = StorageIndex.swift; sourceTree = "<group>"; };
		1F9C8DE724EAF0420074F5C8 /* AdaptersIndex.swift */ = {isa = PBXFileReference; lastKnownFileType = sourcecode.swift; path = AdaptersIndex.swift; sourceTree = "<group>"; };
		1F9C8DE924EAF04B0074F5C8 /* ClassesIndex.swift */ = {isa = PBXFileReference; lastKnownFileType = sourcecode.swift; path = ClassesIndex.swift; sourceTree = "<group>"; };
		1F9C8DEB24EAF0600074F5C8 /* EncountersIndex.swift */ = {isa = PBXFileReference; lastKnownFileType = sourcecode.swift; path = EncountersIndex.swift; sourceTree = "<group>"; };
		1F9C8DED24EAF0680074F5C8 /* BLEIndex.swift */ = {isa = PBXFileReference; lastKnownFileType = sourcecode.swift; path = BLEIndex.swift; sourceTree = "<group>"; };
		1F9C8DEF24EAF0730074F5C8 /* RestIndex.swift */ = {isa = PBXFileReference; lastKnownFileType = sourcecode.swift; path = RestIndex.swift; sourceTree = "<group>"; };
		1F9C8DF124EAF0810074F5C8 /* WebsocketsIndex.swift */ = {isa = PBXFileReference; lastKnownFileType = sourcecode.swift; path = WebsocketsIndex.swift; sourceTree = "<group>"; };
		1F9C8DF324EAF0890074F5C8 /* SyncIndex.swift */ = {isa = PBXFileReference; lastKnownFileType = sourcecode.swift; path = SyncIndex.swift; sourceTree = "<group>"; };
		1FD70B7224E921A400FD0AFC /* Soterio.app */ = {isa = PBXFileReference; explicitFileType = wrapper.application; includeInIndex = 0; path = Soterio.app; sourceTree = BUILT_PRODUCTS_DIR; };
		1FD70B7524E921A400FD0AFC /* AppDelegate.swift */ = {isa = PBXFileReference; lastKnownFileType = sourcecode.swift; path = AppDelegate.swift; sourceTree = "<group>"; };
		1FD70B7724E921A400FD0AFC /* SceneDelegate.swift */ = {isa = PBXFileReference; lastKnownFileType = sourcecode.swift; path = SceneDelegate.swift; sourceTree = "<group>"; };
		1FD70B7924E921A400FD0AFC /* ContentView.swift */ = {isa = PBXFileReference; lastKnownFileType = sourcecode.swift; path = ContentView.swift; sourceTree = "<group>"; };
		1FD70B7B24E921A900FD0AFC /* Assets.xcassets */ = {isa = PBXFileReference; lastKnownFileType = folder.assetcatalog; path = Assets.xcassets; sourceTree = "<group>"; };
		1FD70B7E24E921A900FD0AFC /* Preview Assets.xcassets */ = {isa = PBXFileReference; lastKnownFileType = folder.assetcatalog; path = "Preview Assets.xcassets"; sourceTree = "<group>"; };
		1FD70B8124E921A900FD0AFC /* Base */ = {isa = PBXFileReference; lastKnownFileType = file.storyboard; name = Base; path = Base.lproj/LaunchScreen.storyboard; sourceTree = "<group>"; };
		1FD70B8324E921A900FD0AFC /* Info.plist */ = {isa = PBXFileReference; lastKnownFileType = text.plist.xml; path = Info.plist; sourceTree = "<group>"; };
		1FD70B8824E921A900FD0AFC /* SoterioTests.xctest */ = {isa = PBXFileReference; explicitFileType = wrapper.cfbundle; includeInIndex = 0; path = SoterioTests.xctest; sourceTree = BUILT_PRODUCTS_DIR; };
		1FD70B8C24E921AA00FD0AFC /* SoterioTests.swift */ = {isa = PBXFileReference; lastKnownFileType = sourcecode.swift; path = SoterioTests.swift; sourceTree = "<group>"; };
		1FD70B8E24E921AA00FD0AFC /* Info.plist */ = {isa = PBXFileReference; lastKnownFileType = text.plist.xml; path = Info.plist; sourceTree = "<group>"; };
		1FD70B9324E921AA00FD0AFC /* SoterioUITests.xctest */ = {isa = PBXFileReference; explicitFileType = wrapper.cfbundle; includeInIndex = 0; path = SoterioUITests.xctest; sourceTree = BUILT_PRODUCTS_DIR; };
		1FD70B9724E921AA00FD0AFC /* SoterioUITests.swift */ = {isa = PBXFileReference; lastKnownFileType = sourcecode.swift; path = SoterioUITests.swift; sourceTree = "<group>"; };
		1FD70B9924E921AA00FD0AFC /* Info.plist */ = {isa = PBXFileReference; lastKnownFileType = text.plist.xml; path = Info.plist; sourceTree = "<group>"; };
		1FD70BA624E9220200FD0AFC /* OnBoardingCardView.swift */ = {isa = PBXFileReference; lastKnownFileType = sourcecode.swift; path = OnBoardingCardView.swift; sourceTree = "<group>"; };
		1FD70BA924E92AE500FD0AFC /* OnBoardingData.swift */ = {isa = PBXFileReference; lastKnownFileType = sourcecode.swift; path = OnBoardingData.swift; sourceTree = "<group>"; };
		1FD70BAB24EAA78300FD0AFC /* BottomBrand.swift */ = {isa = PBXFileReference; lastKnownFileType = sourcecode.swift; path = BottomBrand.swift; sourceTree = "<group>"; };
		1FD70BAD24EAAC7B00FD0AFC /* GetPhoneCardView.swift */ = {isa = PBXFileReference; lastKnownFileType = sourcecode.swift; path = GetPhoneCardView.swift; sourceTree = "<group>"; };
		1FD70BAF24EABA8700FD0AFC /* VerifyPhoneNumberCardView.swift */ = {isa = PBXFileReference; lastKnownFileType = sourcecode.swift; path = VerifyPhoneNumberCardView.swift; sourceTree = "<group>"; };
		1FD70BB324EABC4900FD0AFC /* PrivacyView.swift */ = {isa = PBXFileReference; lastKnownFileType = sourcecode.swift; path = PrivacyView.swift; sourceTree = "<group>"; };
/* End PBXFileReference section */

/* Begin PBXFrameworksBuildPhase section */
		1FD70B6F24E921A400FD0AFC /* Frameworks */ = {
			isa = PBXFrameworksBuildPhase;
			buildActionMask = 2147483647;
			files = (
			);
			runOnlyForDeploymentPostprocessing = 0;
		};
		1FD70B8524E921A900FD0AFC /* Frameworks */ = {
			isa = PBXFrameworksBuildPhase;
			buildActionMask = 2147483647;
			files = (
			);
			runOnlyForDeploymentPostprocessing = 0;
		};
		1FD70B9024E921AA00FD0AFC /* Frameworks */ = {
			isa = PBXFrameworksBuildPhase;
			buildActionMask = 2147483647;
			files = (
			);
			runOnlyForDeploymentPostprocessing = 0;
		};
/* End PBXFrameworksBuildPhase section */

/* Begin PBXGroup section */
		1F9C8DD324EAEED80074F5C8 /* OnBoarding */ = {
			isa = PBXGroup;
			children = (
				1FD70BA624E9220200FD0AFC /* OnBoardingCardView.swift */,
				1F90B05B24EB0AF50027A5E7 /* OnboardingMainView.swift */,
			);
			path = OnBoarding;
			sourceTree = "<group>";
		};
		1F9C8DD424EAEEE80074F5C8 /* Authentication */ = {
			isa = PBXGroup;
			children = (
				1FD70BAD24EAAC7B00FD0AFC /* GetPhoneCardView.swift */,
				1FD70BAF24EABA8700FD0AFC /* VerifyPhoneNumberCardView.swift */,
			);
			path = Authentication;
			sourceTree = "<group>";
		};
		1F9C8DD524EAEEF00074F5C8 /* Permissions */ = {
			isa = PBXGroup;
			children = (
				1FD70BB324EABC4900FD0AFC /* PrivacyView.swift */,
				1F395A9A24EB35F300CB9806 /* BluetoothView.swift */,
				1F395A9C24EB360B00CB9806 /* NotificationsView.swift */,
				1F395A9E24EB362900CB9806 /* GetStartedView.swift */,
			);
			path = Permissions;
			sourceTree = "<group>";
		};
		1F9C8DD624EAEEF80074F5C8 /* Main */ = {
			isa = PBXGroup;
			children = (
				1F395AA024EC0C0600CB9806 /* LandingView.swift */,
			);
			path = Main;
			sourceTree = "<group>";
		};
		1F9C8DD724EAEF010074F5C8 /* Widgets */ = {
			isa = PBXGroup;
			children = (
			);
			path = Widgets;
			sourceTree = "<group>";
		};
		1F9C8DD924EAEF2C0074F5C8 /* Classes */ = {
			isa = PBXGroup;
			children = (
				1F9C8DE924EAF04B0074F5C8 /* ClassesIndex.swift */,
			);
			path = Classes;
			sourceTree = "<group>";
		};
		1F9C8DDA24EAEF310074F5C8 /* Storage */ = {
			isa = PBXGroup;
			children = (
				1F9C8DE524EAF0150074F5C8 /* StorageIndex.swift */,
			);
			path = Storage;
			sourceTree = "<group>";
		};
		1F9C8DDB24EAEF380074F5C8 /* Adapters */ = {
			isa = PBXGroup;
			children = (
				1F9C8DE724EAF0420074F5C8 /* AdaptersIndex.swift */,
			);
			path = Adapters;
			sourceTree = "<group>";
		};
		1F9C8DDD24EAEF480074F5C8 /* Misc */ = {
			isa = PBXGroup;
			children = (
				1FD70BA924E92AE500FD0AFC /* OnBoardingData.swift */,
			);
			path = Misc;
			sourceTree = "<group>";
		};
		1F9C8DDE24EAEF770074F5C8 /* Protocol */ = {
			isa = PBXGroup;
			children = (
				1F9C8DE424EAEFA60074F5C8 /* Encounters */,
				1F9C8DE324EAEFA00074F5C8 /* Ble */,
			);
			path = Protocol;
			sourceTree = "<group>";
		};
		1F9C8DDF24EAEF7F0074F5C8 /* Controllers */ = {
			isa = PBXGroup;
			children = (
				1F9C8DE224EAEF990074F5C8 /* Sync */,
				1F9C8DE124EAEF8D0074F5C8 /* Websockets */,
				1F9C8DE024EAEF870074F5C8 /* REST */,
			);
			path = Controllers;
			sourceTree = "<group>";
		};
		1F9C8DE024EAEF870074F5C8 /* REST */ = {
			isa = PBXGroup;
			children = (
				1F9C8DEF24EAF0730074F5C8 /* RestIndex.swift */,
			);
			path = REST;
			sourceTree = "<group>";
		};
		1F9C8DE124EAEF8D0074F5C8 /* Websockets */ = {
			isa = PBXGroup;
			children = (
				1F9C8DF124EAF0810074F5C8 /* WebsocketsIndex.swift */,
			);
			path = Websockets;
			sourceTree = "<group>";
		};
		1F9C8DE224EAEF990074F5C8 /* Sync */ = {
			isa = PBXGroup;
			children = (
				1F9C8DF324EAF0890074F5C8 /* SyncIndex.swift */,
			);
			path = Sync;
			sourceTree = "<group>";
		};
		1F9C8DE324EAEFA00074F5C8 /* Ble */ = {
			isa = PBXGroup;
			children = (
				1F9C8DED24EAF0680074F5C8 /* BLEIndex.swift */,
			);
			path = Ble;
			sourceTree = "<group>";
		};
		1F9C8DE424EAEFA60074F5C8 /* Encounters */ = {
			isa = PBXGroup;
			children = (
				1F9C8DEB24EAF0600074F5C8 /* EncountersIndex.swift */,
			);
			path = Encounters;
			sourceTree = "<group>";
		};
		1FD70B6924E921A400FD0AFC = {
			isa = PBXGroup;
			children = (
				1FD70B7424E921A400FD0AFC /* Soterio */,
				1FD70B8B24E921A900FD0AFC /* SoterioTests */,
				1FD70B9624E921AA00FD0AFC /* SoterioUITests */,
				1FD70B7324E921A400FD0AFC /* Products */,
			);
			sourceTree = "<group>";
		};
		1FD70B7324E921A400FD0AFC /* Products */ = {
			isa = PBXGroup;
			children = (
				1FD70B7224E921A400FD0AFC /* Soterio.app */,
				1FD70B8824E921A900FD0AFC /* SoterioTests.xctest */,
				1FD70B9324E921AA00FD0AFC /* SoterioUITests.xctest */,
			);
			name = Products;
			sourceTree = "<group>";
		};
		1FD70B7424E921A400FD0AFC /* Soterio */ = {
			isa = PBXGroup;
			children = (
				1F9C8DDF24EAEF7F0074F5C8 /* Controllers */,
				1F9C8DDE24EAEF770074F5C8 /* Protocol */,
				1FD70BA524E921BF00FD0AFC /* Views */,
				1FD70BA824E92AA600FD0AFC /* Models */,
				1FD70B7524E921A400FD0AFC /* AppDelegate.swift */,
				1FD70B7724E921A400FD0AFC /* SceneDelegate.swift */,
				1FD70B7924E921A400FD0AFC /* ContentView.swift */,
				1FD70B7B24E921A900FD0AFC /* Assets.xcassets */,
				1FD70B8024E921A900FD0AFC /* LaunchScreen.storyboard */,
				1FD70B8324E921A900FD0AFC /* Info.plist */,
				1FD70B7D24E921A900FD0AFC /* Preview Content */,
			);
			path = Soterio;
			sourceTree = "<group>";
		};
		1FD70B7D24E921A900FD0AFC /* Preview Content */ = {
			isa = PBXGroup;
			children = (
				1FD70B7E24E921A900FD0AFC /* Preview Assets.xcassets */,
			);
			path = "Preview Content";
			sourceTree = "<group>";
		};
		1FD70B8B24E921A900FD0AFC /* SoterioTests */ = {
			isa = PBXGroup;
			children = (
				1FD70B8C24E921AA00FD0AFC /* SoterioTests.swift */,
				1FD70B8E24E921AA00FD0AFC /* Info.plist */,
			);
			path = SoterioTests;
			sourceTree = "<group>";
		};
		1FD70B9624E921AA00FD0AFC /* SoterioUITests */ = {
			isa = PBXGroup;
			children = (
				1FD70B9724E921AA00FD0AFC /* SoterioUITests.swift */,
				1FD70B9924E921AA00FD0AFC /* Info.plist */,
			);
			path = SoterioUITests;
			sourceTree = "<group>";
		};
		1FD70BA524E921BF00FD0AFC /* Views */ = {
			isa = PBXGroup;
			children = (
				1F9C8DD724EAEF010074F5C8 /* Widgets */,
				1F9C8DD624EAEEF80074F5C8 /* Main */,
				1F9C8DD524EAEEF00074F5C8 /* Permissions */,
				1F9C8DD424EAEEE80074F5C8 /* Authentication */,
				1F9C8DD324EAEED80074F5C8 /* OnBoarding */,
				1FD70BB524EAC1ED00FD0AFC /* Shared */,
				1FD70BAB24EAA78300FD0AFC /* BottomBrand.swift */,
			);
			path = Views;
			sourceTree = "<group>";
		};
		1FD70BA824E92AA600FD0AFC /* Models */ = {
			isa = PBXGroup;
			children = (
				1F9C8DDD24EAEF480074F5C8 /* Misc */,
				1F9C8DDB24EAEF380074F5C8 /* Adapters */,
				1F9C8DDA24EAEF310074F5C8 /* Storage */,
				1F9C8DD924EAEF2C0074F5C8 /* Classes */,
			);
			path = Models;
			sourceTree = "<group>";
		};
		1FD70BB524EAC1ED00FD0AFC /* Shared */ = {
			isa = PBXGroup;
			children = (
			);
			path = Shared;
			sourceTree = "<group>";
		};
/* End PBXGroup section */

/* Begin PBXNativeTarget section */
		1FD70B7124E921A400FD0AFC /* Soterio */ = {
			isa = PBXNativeTarget;
			buildConfigurationList = 1FD70B9C24E921AA00FD0AFC /* Build configuration list for PBXNativeTarget "Soterio" */;
			buildPhases = (
				1FD70B6E24E921A400FD0AFC /* Sources */,
				1FD70B6F24E921A400FD0AFC /* Frameworks */,
				1FD70B7024E921A400FD0AFC /* Resources */,
			);
			buildRules = (
			);
			dependencies = (
			);
			name = Soterio;
			productName = Soterio;
			productReference = 1FD70B7224E921A400FD0AFC /* Soterio.app */;
			productType = "com.apple.product-type.application";
		};
		1FD70B8724E921A900FD0AFC /* SoterioTests */ = {
			isa = PBXNativeTarget;
			buildConfigurationList = 1FD70B9F24E921AA00FD0AFC /* Build configuration list for PBXNativeTarget "SoterioTests" */;
			buildPhases = (
				1FD70B8424E921A900FD0AFC /* Sources */,
				1FD70B8524E921A900FD0AFC /* Frameworks */,
				1FD70B8624E921A900FD0AFC /* Resources */,
			);
			buildRules = (
			);
			dependencies = (
				1FD70B8A24E921A900FD0AFC /* PBXTargetDependency */,
			);
			name = SoterioTests;
			productName = SoterioTests;
			productReference = 1FD70B8824E921A900FD0AFC /* SoterioTests.xctest */;
			productType = "com.apple.product-type.bundle.unit-test";
		};
		1FD70B9224E921AA00FD0AFC /* SoterioUITests */ = {
			isa = PBXNativeTarget;
			buildConfigurationList = 1FD70BA224E921AA00FD0AFC /* Build configuration list for PBXNativeTarget "SoterioUITests" */;
			buildPhases = (
				1FD70B8F24E921AA00FD0AFC /* Sources */,
				1FD70B9024E921AA00FD0AFC /* Frameworks */,
				1FD70B9124E921AA00FD0AFC /* Resources */,
			);
			buildRules = (
			);
			dependencies = (
				1FD70B9524E921AA00FD0AFC /* PBXTargetDependency */,
			);
			name = SoterioUITests;
			productName = SoterioUITests;
			productReference = 1FD70B9324E921AA00FD0AFC /* SoterioUITests.xctest */;
			productType = "com.apple.product-type.bundle.ui-testing";
		};
/* End PBXNativeTarget section */

/* Begin PBXProject section */
		1FD70B6A24E921A400FD0AFC /* Project object */ = {
			isa = PBXProject;
			attributes = {
				LastSwiftUpdateCheck = 1160;
				LastUpgradeCheck = 1160;
				ORGANIZATIONNAME = Soterio;
				TargetAttributes = {
					1FD70B7124E921A400FD0AFC = {
						CreatedOnToolsVersion = 11.6;
					};
					1FD70B8724E921A900FD0AFC = {
						CreatedOnToolsVersion = 11.6;
						TestTargetID = 1FD70B7124E921A400FD0AFC;
					};
					1FD70B9224E921AA00FD0AFC = {
						CreatedOnToolsVersion = 11.6;
						TestTargetID = 1FD70B7124E921A400FD0AFC;
					};
				};
			};
			buildConfigurationList = 1FD70B6D24E921A400FD0AFC /* Build configuration list for PBXProject "Soterio" */;
			compatibilityVersion = "Xcode 9.3";
			developmentRegion = en;
			hasScannedForEncodings = 0;
			knownRegions = (
				en,
				Base,
			);
			mainGroup = 1FD70B6924E921A400FD0AFC;
			productRefGroup = 1FD70B7324E921A400FD0AFC /* Products */;
			projectDirPath = "";
			projectRoot = "";
			targets = (
				1FD70B7124E921A400FD0AFC /* Soterio */,
				1FD70B8724E921A900FD0AFC /* SoterioTests */,
				1FD70B9224E921AA00FD0AFC /* SoterioUITests */,
			);
		};
/* End PBXProject section */

/* Begin PBXResourcesBuildPhase section */
		1FD70B7024E921A400FD0AFC /* Resources */ = {
			isa = PBXResourcesBuildPhase;
			buildActionMask = 2147483647;
			files = (
				1FD70B8224E921A900FD0AFC /* LaunchScreen.storyboard in Resources */,
				1FD70B7F24E921A900FD0AFC /* Preview Assets.xcassets in Resources */,
				1FD70B7C24E921A900FD0AFC /* Assets.xcassets in Resources */,
			);
			runOnlyForDeploymentPostprocessing = 0;
		};
		1FD70B8624E921A900FD0AFC /* Resources */ = {
			isa = PBXResourcesBuildPhase;
			buildActionMask = 2147483647;
			files = (
			);
			runOnlyForDeploymentPostprocessing = 0;
		};
		1FD70B9124E921AA00FD0AFC /* Resources */ = {
			isa = PBXResourcesBuildPhase;
			buildActionMask = 2147483647;
			files = (
			);
			runOnlyForDeploymentPostprocessing = 0;
		};
/* End PBXResourcesBuildPhase section */

/* Begin PBXSourcesBuildPhase section */
		1FD70B6E24E921A400FD0AFC /* Sources */ = {
			isa = PBXSourcesBuildPhase;
			buildActionMask = 2147483647;
			files = (
				1FD70B7624E921A400FD0AFC /* AppDelegate.swift in Sources */,
				1FD70BAA24E92AE500FD0AFC /* OnBoardingData.swift in Sources */,
				1F9C8DEA24EAF04B0074F5C8 /* ClassesIndex.swift in Sources */,
				1F395A9B24EB35F300CB9806 /* BluetoothView.swift in Sources */,
				1F395A9F24EB362900CB9806 /* GetStartedView.swift in Sources */,
				1FD70BB424EABC4900FD0AFC /* PrivacyView.swift in Sources */,
				1F90B05C24EB0AF50027A5E7 /* OnboardingMainView.swift in Sources */,
				1F9C8DEC24EAF0600074F5C8 /* EncountersIndex.swift in Sources */,
				1F9C8DE824EAF0420074F5C8 /* AdaptersIndex.swift in Sources */,
				1FD70B7824E921A400FD0AFC /* SceneDelegate.swift in Sources */,
				1F9C8DF424EAF0890074F5C8 /* SyncIndex.swift in Sources */,
				1F9C8DE624EAF0150074F5C8 /* StorageIndex.swift in Sources */,
				1F395A9D24EB360B00CB9806 /* NotificationsView.swift in Sources */,
				1F9C8DEE24EAF0680074F5C8 /* BLEIndex.swift in Sources */,
				1FD70B7A24E921A400FD0AFC /* ContentView.swift in Sources */,
				1FD70BAC24EAA78300FD0AFC /* BottomBrand.swift in Sources */,
				1FD70BA724E9220200FD0AFC /* OnBoardingCardView.swift in Sources */,
				1FD70BAE24EAAC7B00FD0AFC /* GetPhoneCardView.swift in Sources */,
				1FD70BB024EABA8700FD0AFC /* VerifyPhoneNumberCardView.swift in Sources */,
				1F9C8DF224EAF0810074F5C8 /* WebsocketsIndex.swift in Sources */,
				1F395AA124EC0C0600CB9806 /* LandingView.swift in Sources */,
				1F9C8DF024EAF0730074F5C8 /* RestIndex.swift in Sources */,
			);
			runOnlyForDeploymentPostprocessing = 0;
		};
		1FD70B8424E921A900FD0AFC /* Sources */ = {
			isa = PBXSourcesBuildPhase;
			buildActionMask = 2147483647;
			files = (
				1FD70B8D24E921AA00FD0AFC /* SoterioTests.swift in Sources */,
			);
			runOnlyForDeploymentPostprocessing = 0;
		};
		1FD70B8F24E921AA00FD0AFC /* Sources */ = {
			isa = PBXSourcesBuildPhase;
			buildActionMask = 2147483647;
			files = (
				1FD70B9824E921AA00FD0AFC /* SoterioUITests.swift in Sources */,
			);
			runOnlyForDeploymentPostprocessing = 0;
		};
/* End PBXSourcesBuildPhase section */

/* Begin PBXTargetDependency section */
		1FD70B8A24E921A900FD0AFC /* PBXTargetDependency */ = {
			isa = PBXTargetDependency;
			target = 1FD70B7124E921A400FD0AFC /* Soterio */;
			targetProxy = 1FD70B8924E921A900FD0AFC /* PBXContainerItemProxy */;
		};
		1FD70B9524E921AA00FD0AFC /* PBXTargetDependency */ = {
			isa = PBXTargetDependency;
			target = 1FD70B7124E921A400FD0AFC /* Soterio */;
			targetProxy = 1FD70B9424E921AA00FD0AFC /* PBXContainerItemProxy */;
		};
/* End PBXTargetDependency section */

/* Begin PBXVariantGroup section */
		1FD70B8024E921A900FD0AFC /* LaunchScreen.storyboard */ = {
			isa = PBXVariantGroup;
			children = (
				1FD70B8124E921A900FD0AFC /* Base */,
			);
			name = LaunchScreen.storyboard;
			sourceTree = "<group>";
		};
/* End PBXVariantGroup section */

/* Begin XCBuildConfiguration section */
		1FD70B9A24E921AA00FD0AFC /* Debug */ = {
			isa = XCBuildConfiguration;
			buildSettings = {
				ALWAYS_SEARCH_USER_PATHS = NO;
				CLANG_ANALYZER_NONNULL = YES;
				CLANG_ANALYZER_NUMBER_OBJECT_CONVERSION = YES_AGGRESSIVE;
				CLANG_CXX_LANGUAGE_STANDARD = "gnu++14";
				CLANG_CXX_LIBRARY = "libc++";
				CLANG_ENABLE_MODULES = YES;
				CLANG_ENABLE_OBJC_ARC = YES;
				CLANG_ENABLE_OBJC_WEAK = YES;
				CLANG_WARN_BLOCK_CAPTURE_AUTORELEASING = YES;
				CLANG_WARN_BOOL_CONVERSION = YES;
				CLANG_WARN_COMMA = YES;
				CLANG_WARN_CONSTANT_CONVERSION = YES;
				CLANG_WARN_DEPRECATED_OBJC_IMPLEMENTATIONS = YES;
				CLANG_WARN_DIRECT_OBJC_ISA_USAGE = YES_ERROR;
				CLANG_WARN_DOCUMENTATION_COMMENTS = YES;
				CLANG_WARN_EMPTY_BODY = YES;
				CLANG_WARN_ENUM_CONVERSION = YES;
				CLANG_WARN_INFINITE_RECURSION = YES;
				CLANG_WARN_INT_CONVERSION = YES;
				CLANG_WARN_NON_LITERAL_NULL_CONVERSION = YES;
				CLANG_WARN_OBJC_IMPLICIT_RETAIN_SELF = YES;
				CLANG_WARN_OBJC_LITERAL_CONVERSION = YES;
				CLANG_WARN_OBJC_ROOT_CLASS = YES_ERROR;
				CLANG_WARN_RANGE_LOOP_ANALYSIS = YES;
				CLANG_WARN_STRICT_PROTOTYPES = YES;
				CLANG_WARN_SUSPICIOUS_MOVE = YES;
				CLANG_WARN_UNGUARDED_AVAILABILITY = YES_AGGRESSIVE;
				CLANG_WARN_UNREACHABLE_CODE = YES;
				CLANG_WARN__DUPLICATE_METHOD_MATCH = YES;
				COPY_PHASE_STRIP = NO;
				DEBUG_INFORMATION_FORMAT = dwarf;
				ENABLE_STRICT_OBJC_MSGSEND = YES;
				ENABLE_TESTABILITY = YES;
				GCC_C_LANGUAGE_STANDARD = gnu11;
				GCC_DYNAMIC_NO_PIC = NO;
				GCC_NO_COMMON_BLOCKS = YES;
				GCC_OPTIMIZATION_LEVEL = 0;
				GCC_PREPROCESSOR_DEFINITIONS = (
					"DEBUG=1",
					"$(inherited)",
				);
				GCC_WARN_64_TO_32_BIT_CONVERSION = YES;
				GCC_WARN_ABOUT_RETURN_TYPE = YES_ERROR;
				GCC_WARN_UNDECLARED_SELECTOR = YES;
				GCC_WARN_UNINITIALIZED_AUTOS = YES_AGGRESSIVE;
				GCC_WARN_UNUSED_FUNCTION = YES;
				GCC_WARN_UNUSED_VARIABLE = YES;
				IPHONEOS_DEPLOYMENT_TARGET = 13.6;
				MTL_ENABLE_DEBUG_INFO = INCLUDE_SOURCE;
				MTL_FAST_MATH = YES;
				ONLY_ACTIVE_ARCH = YES;
				SDKROOT = iphoneos;
				SWIFT_ACTIVE_COMPILATION_CONDITIONS = DEBUG;
				SWIFT_OPTIMIZATION_LEVEL = "-Onone";
			};
			name = Debug;
		};
		1FD70B9B24E921AA00FD0AFC /* Release */ = {
			isa = XCBuildConfiguration;
			buildSettings = {
				ALWAYS_SEARCH_USER_PATHS = NO;
				CLANG_ANALYZER_NONNULL = YES;
				CLANG_ANALYZER_NUMBER_OBJECT_CONVERSION = YES_AGGRESSIVE;
				CLANG_CXX_LANGUAGE_STANDARD = "gnu++14";
				CLANG_CXX_LIBRARY = "libc++";
				CLANG_ENABLE_MODULES = YES;
				CLANG_ENABLE_OBJC_ARC = YES;
				CLANG_ENABLE_OBJC_WEAK = YES;
				CLANG_WARN_BLOCK_CAPTURE_AUTORELEASING = YES;
				CLANG_WARN_BOOL_CONVERSION = YES;
				CLANG_WARN_COMMA = YES;
				CLANG_WARN_CONSTANT_CONVERSION = YES;
				CLANG_WARN_DEPRECATED_OBJC_IMPLEMENTATIONS = YES;
				CLANG_WARN_DIRECT_OBJC_ISA_USAGE = YES_ERROR;
				CLANG_WARN_DOCUMENTATION_COMMENTS = YES;
				CLANG_WARN_EMPTY_BODY = YES;
				CLANG_WARN_ENUM_CONVERSION = YES;
				CLANG_WARN_INFINITE_RECURSION = YES;
				CLANG_WARN_INT_CONVERSION = YES;
				CLANG_WARN_NON_LITERAL_NULL_CONVERSION = YES;
				CLANG_WARN_OBJC_IMPLICIT_RETAIN_SELF = YES;
				CLANG_WARN_OBJC_LITERAL_CONVERSION = YES;
				CLANG_WARN_OBJC_ROOT_CLASS = YES_ERROR;
				CLANG_WARN_RANGE_LOOP_ANALYSIS = YES;
				CLANG_WARN_STRICT_PROTOTYPES = YES;
				CLANG_WARN_SUSPICIOUS_MOVE = YES;
				CLANG_WARN_UNGUARDED_AVAILABILITY = YES_AGGRESSIVE;
				CLANG_WARN_UNREACHABLE_CODE = YES;
				CLANG_WARN__DUPLICATE_METHOD_MATCH = YES;
				COPY_PHASE_STRIP = NO;
				DEBUG_INFORMATION_FORMAT = "dwarf-with-dsym";
				ENABLE_NS_ASSERTIONS = NO;
				ENABLE_STRICT_OBJC_MSGSEND = YES;
				GCC_C_LANGUAGE_STANDARD = gnu11;
				GCC_NO_COMMON_BLOCKS = YES;
				GCC_WARN_64_TO_32_BIT_CONVERSION = YES;
				GCC_WARN_ABOUT_RETURN_TYPE = YES_ERROR;
				GCC_WARN_UNDECLARED_SELECTOR = YES;
				GCC_WARN_UNINITIALIZED_AUTOS = YES_AGGRESSIVE;
				GCC_WARN_UNUSED_FUNCTION = YES;
				GCC_WARN_UNUSED_VARIABLE = YES;
				IPHONEOS_DEPLOYMENT_TARGET = 13.6;
				MTL_ENABLE_DEBUG_INFO = NO;
				MTL_FAST_MATH = YES;
				SDKROOT = iphoneos;
				SWIFT_COMPILATION_MODE = wholemodule;
				SWIFT_OPTIMIZATION_LEVEL = "-O";
				VALIDATE_PRODUCT = YES;
			};
			name = Release;
		};
		1FD70B9D24E921AA00FD0AFC /* Debug */ = {
			isa = XCBuildConfiguration;
			buildSettings = {
				ASSETCATALOG_COMPILER_APPICON_NAME = AppIcon;
				CODE_SIGN_STYLE = Automatic;
				DEVELOPMENT_ASSET_PATHS = "\"Soterio/Preview Content\"";
				ENABLE_PREVIEWS = YES;
				INFOPLIST_FILE = Soterio/Info.plist;
				LD_RUNPATH_SEARCH_PATHS = (
					"$(inherited)",
					"@executable_path/Frameworks",
				);
				PRODUCT_BUNDLE_IDENTIFIER = soterio.co.zw.Soterio;
				PRODUCT_NAME = "$(TARGET_NAME)";
				SWIFT_VERSION = 5.0;
				TARGETED_DEVICE_FAMILY = "1,2";
			};
			name = Debug;
		};
		1FD70B9E24E921AA00FD0AFC /* Release */ = {
			isa = XCBuildConfiguration;
			buildSettings = {
				ASSETCATALOG_COMPILER_APPICON_NAME = AppIcon;
				CODE_SIGN_STYLE = Automatic;
				DEVELOPMENT_ASSET_PATHS = "\"Soterio/Preview Content\"";
				ENABLE_PREVIEWS = YES;
				INFOPLIST_FILE = Soterio/Info.plist;
				LD_RUNPATH_SEARCH_PATHS = (
					"$(inherited)",
					"@executable_path/Frameworks",
				);
				PRODUCT_BUNDLE_IDENTIFIER = soterio.co.zw.Soterio;
				PRODUCT_NAME = "$(TARGET_NAME)";
				SWIFT_VERSION = 5.0;
				TARGETED_DEVICE_FAMILY = "1,2";
			};
			name = Release;
		};
		1FD70BA024E921AA00FD0AFC /* Debug */ = {
			isa = XCBuildConfiguration;
			buildSettings = {
				ALWAYS_EMBED_SWIFT_STANDARD_LIBRARIES = YES;
				BUNDLE_LOADER = "$(TEST_HOST)";
				CODE_SIGN_STYLE = Automatic;
				INFOPLIST_FILE = SoterioTests/Info.plist;
				IPHONEOS_DEPLOYMENT_TARGET = 13.6;
				LD_RUNPATH_SEARCH_PATHS = (
					"$(inherited)",
					"@executable_path/Frameworks",
					"@loader_path/Frameworks",
				);
				PRODUCT_BUNDLE_IDENTIFIER = soterio.co.zw.SoterioTests;
				PRODUCT_NAME = "$(TARGET_NAME)";
				SWIFT_VERSION = 5.0;
				TARGETED_DEVICE_FAMILY = "1,2";
				TEST_HOST = "$(BUILT_PRODUCTS_DIR)/Soterio.app/Soterio";
			};
			name = Debug;
		};
		1FD70BA124E921AA00FD0AFC /* Release */ = {
			isa = XCBuildConfiguration;
			buildSettings = {
				ALWAYS_EMBED_SWIFT_STANDARD_LIBRARIES = YES;
				BUNDLE_LOADER = "$(TEST_HOST)";
				CODE_SIGN_STYLE = Automatic;
				INFOPLIST_FILE = SoterioTests/Info.plist;
				IPHONEOS_DEPLOYMENT_TARGET = 13.6;
				LD_RUNPATH_SEARCH_PATHS = (
					"$(inherited)",
					"@executable_path/Frameworks",
					"@loader_path/Frameworks",
				);
				PRODUCT_BUNDLE_IDENTIFIER = soterio.co.zw.SoterioTests;
				PRODUCT_NAME = "$(TARGET_NAME)";
				SWIFT_VERSION = 5.0;
				TARGETED_DEVICE_FAMILY = "1,2";
				TEST_HOST = "$(BUILT_PRODUCTS_DIR)/Soterio.app/Soterio";
			};
			name = Release;
		};
		1FD70BA324E921AA00FD0AFC /* Debug */ = {
			isa = XCBuildConfiguration;
			buildSettings = {
				ALWAYS_EMBED_SWIFT_STANDARD_LIBRARIES = YES;
				CODE_SIGN_STYLE = Automatic;
				INFOPLIST_FILE = SoterioUITests/Info.plist;
				LD_RUNPATH_SEARCH_PATHS = (
					"$(inherited)",
					"@executable_path/Frameworks",
					"@loader_path/Frameworks",
				);
				PRODUCT_BUNDLE_IDENTIFIER = soterio.co.zw.SoterioUITests;
				PRODUCT_NAME = "$(TARGET_NAME)";
				SWIFT_VERSION = 5.0;
				TARGETED_DEVICE_FAMILY = "1,2";
				TEST_TARGET_NAME = Soterio;
			};
			name = Debug;
		};
		1FD70BA424E921AA00FD0AFC /* Release */ = {
			isa = XCBuildConfiguration;
			buildSettings = {
				ALWAYS_EMBED_SWIFT_STANDARD_LIBRARIES = YES;
				CODE_SIGN_STYLE = Automatic;
				INFOPLIST_FILE = SoterioUITests/Info.plist;
				LD_RUNPATH_SEARCH_PATHS = (
					"$(inherited)",
					"@executable_path/Frameworks",
					"@loader_path/Frameworks",
				);
				PRODUCT_BUNDLE_IDENTIFIER = soterio.co.zw.SoterioUITests;
				PRODUCT_NAME = "$(TARGET_NAME)";
				SWIFT_VERSION = 5.0;
				TARGETED_DEVICE_FAMILY = "1,2";
				TEST_TARGET_NAME = Soterio;
			};
			name = Release;
		};
/* End XCBuildConfiguration section */

/* Begin XCConfigurationList section */
		1FD70B6D24E921A400FD0AFC /* Build configuration list for PBXProject "Soterio" */ = {
			isa = XCConfigurationList;
			buildConfigurations = (
				1FD70B9A24E921AA00FD0AFC /* Debug */,
				1FD70B9B24E921AA00FD0AFC /* Release */,
			);
			defaultConfigurationIsVisible = 0;
			defaultConfigurationName = Release;
		};
		1FD70B9C24E921AA00FD0AFC /* Build configuration list for PBXNativeTarget "Soterio" */ = {
			isa = XCConfigurationList;
			buildConfigurations = (
				1FD70B9D24E921AA00FD0AFC /* Debug */,
				1FD70B9E24E921AA00FD0AFC /* Release */,
			);
			defaultConfigurationIsVisible = 0;
			defaultConfigurationName = Release;
		};
		1FD70B9F24E921AA00FD0AFC /* Build configuration list for PBXNativeTarget "SoterioTests" */ = {
			isa = XCConfigurationList;
			buildConfigurations = (
				1FD70BA024E921AA00FD0AFC /* Debug */,
				1FD70BA124E921AA00FD0AFC /* Release */,
			);
			defaultConfigurationIsVisible = 0;
			defaultConfigurationName = Release;
		};
		1FD70BA224E921AA00FD0AFC /* Build configuration list for PBXNativeTarget "SoterioUITests" */ = {
			isa = XCConfigurationList;
			buildConfigurations = (
				1FD70BA324E921AA00FD0AFC /* Debug */,
				1FD70BA424E921AA00FD0AFC /* Release */,
			);
			defaultConfigurationIsVisible = 0;
			defaultConfigurationName = Release;
		};
/* End XCConfigurationList section */
	};
	rootObject = 1FD70B6A24E921A400FD0AFC /* Project object */;
}
